
Microsoft Visual Studio Solution File, Format Version 12.00
# Visual Studio Version 17
VisualStudioVersion = 17.1.32228.430
MinimumVisualStudioVersion = 10.0.40219.1
Project("{FAE04EC0-301F-11D3-BF4B-00C04F79EFBC}") = "Lab03", "Lab03.csproj", "{4F9E2441-1D4F-4BEE-8A7F-D40E0827FB80}"
EndProject
Global
	GlobalSection(SolutionConfigurationPlatforms) = preSolution
		Debug|Any CPU = Debug|Any CPU
		Release|Any CPU = Release|Any CPU
	EndGlobalSection
	GlobalSection(ProjectConfigurationPlatforms) = postSolution
		{4F9E2441-1D4F-4BEE-8A7F-D40E0827FB80}.Debug|Any CPU.ActiveCfg = Debug|Any CPU
		{4F9E2441-1D4F-4BEE-8A7F-D40E0827FB80}.Debug|Any CPU.Build.0 = Debug|Any CPU
		{4F9E2441-1D4F-4BEE-8A7F-D40E0827FB80}.Release|Any CPU.ActiveCfg = Release|Any CPU
		{4F9E2441-1D4F-4BEE-8A7F-D40E0827FB80}.Release|Any CPU.Build.0 = Release|Any CPU
	EndGlobalSection
	GlobalSection(SolutionProperties) = preSolution
		HideSolutionNode = FALSE
	EndGlobalSection
	GlobalSection(ExtensibilityGlobals) = postSolution
		SolutionGuid = {E7A7D344-87F8-49ED-BBD3-EB3E0BF196DE}
	EndGlobalSection
EndGlobal
